// !$*UTF8*$!
{
	archiveVersion = 1;
	classes = {
	};
	objectVersion = 56;
	objects = {

/* Begin PBXBuildFile section */
		09045B1B29563BE3005DA0B7 /* AppDelegate.swift in Sources */ = {isa = PBXBuildFile; fileRef = 09045B1A29563BE3005DA0B7 /* AppDelegate.swift */; };
		09045B1D29563BE3005DA0B7 /* SceneDelegate.swift in Sources */ = {isa = PBXBuildFile; fileRef = 09045B1C29563BE3005DA0B7 /* SceneDelegate.swift */; };
		09045B1F29563BE3005DA0B7 /* ViewController.swift in Sources */ = {isa = PBXBuildFile; fileRef = 09045B1E29563BE3005DA0B7 /* ViewController.swift */; };
		09045B2229563BE3005DA0B7 /* Main.storyboard in Resources */ = {isa = PBXBuildFile; fileRef = 09045B2029563BE3005DA0B7 /* Main.storyboard */; };
		09045B2429563BE4005DA0B7 /* Assets.xcassets in Resources */ = {isa = PBXBuildFile; fileRef = 09045B2329563BE4005DA0B7 /* Assets.xcassets */; };
		09045B2729563BE4005DA0B7 /* LaunchScreen.storyboard in Resources */ = {isa = PBXBuildFile; fileRef = 09045B2529563BE4005DA0B7 /* LaunchScreen.storyboard */; };
		09045B3229563BE4005DA0B7 /* video_playerTests.swift in Sources */ = {isa = PBXBuildFile; fileRef = 09045B3129563BE4005DA0B7 /* video_playerTests.swift */; };
		09045B3C29563BE4005DA0B7 /* video_playerUITests.swift in Sources */ = {isa = PBXBuildFile; fileRef = 09045B3B29563BE4005DA0B7 /* video_playerUITests.swift */; };
		09045B3E29563BE4005DA0B7 /* video_playerUITestsLaunchTests.swift in Sources */ = {isa = PBXBuildFile; fileRef = 09045B3D29563BE4005DA0B7 /* video_playerUITestsLaunchTests.swift */; };
		09045B4B29563C31005DA0B7 /* test.mp4 in Resources */ = {isa = PBXBuildFile; fileRef = 09045B4A29563C31005DA0B7 /* test.mp4 */; };
/* End PBXBuildFile section */

/* Begin PBXContainerItemProxy section */
		09045B2E29563BE4005DA0B7 /* PBXContainerItemProxy */ = {
			isa = PBXContainerItemProxy;
			containerPortal = 09045B0F29563BE3005DA0B7 /* Project object */;
			proxyType = 1;
			remoteGlobalIDString = 09045B1629563BE3005DA0B7;
			remoteInfo = video_player;
		};
		09045B3829563BE4005DA0B7 /* PBXContainerItemProxy */ = {
			isa = PBXContainerItemProxy;
			containerPortal = 09045B0F29563BE3005DA0B7 /* Project object */;
			proxyType = 1;
			remoteGlobalIDString = 09045B1629563BE3005DA0B7;
			remoteInfo = video_player;
		};
/* End PBXContainerItemProxy section */

/* Begin PBXFileReference section */
		09045B1729563BE3005DA0B7 /* video_player.app */ = {isa = PBXFileReference; explicitFileType = wrapper.application; includeInIndex = 0; path = video_player.app; sourceTree = BUILT_PRODUCTS_DIR; };
		09045B1A29563BE3005DA0B7 /* AppDelegate.swift */ = {isa = PBXFileReference; lastKnownFileType = sourcecode.swift; path = AppDelegate.swift; sourceTree = "<group>"; };
		09045B1C29563BE3005DA0B7 /* SceneDelegate.swift */ = {isa = PBXFileReference; lastKnownFileType = sourcecode.swift; path = SceneDelegate.swift; sourceTree = "<group>"; };
		09045B1E29563BE3005DA0B7 /* ViewController.swift */ = {isa = PBXFileReference; lastKnownFileType = sourcecode.swift; path = ViewController.swift; sourceTree = "<group>"; };
		09045B2129563BE3005DA0B7 /* Base */ = {isa = PBXFileReference; lastKnownFileType = file.storyboard; name = Base; path = Base.lproj/Main.storyboard; sourceTree = "<group>"; };
		09045B2329563BE4005DA0B7 /* Assets.xcassets */ = {isa = PBXFileReference; lastKnownFileType = folder.assetcatalog; path = Assets.xcassets; sourceTree = "<group>"; };
		09045B2629563BE4005DA0B7 /* Base */ = {isa = PBXFileReference; lastKnownFileType = file.storyboard; name = Base; path = Base.lproj/LaunchScreen.storyboard; sourceTree = "<group>"; };
		09045B2829563BE4005DA0B7 /* Info.plist */ = {isa = PBXFileReference; lastKnownFileType = text.plist.xml; path = Info.plist; sourceTree = "<group>"; };
		09045B2D29563BE4005DA0B7 /* video_playerTests.xctest */ = {isa = PBXFileReference; explicitFileType = wrapper.cfbundle; includeInIndex = 0; path = video_playerTests.xctest; sourceTree = BUILT_PRODUCTS_DIR; };
		09045B3129563BE4005DA0B7 /* video_playerTests.swift */ = {isa = PBXFileReference; lastKnownFileType = sourcecode.swift; path = video_playerTests.swift; sourceTree = "<group>"; };
		09045B3729563BE4005DA0B7 /* video_playerUITests.xctest */ = {isa = PBXFileReference; explicitFileType = wrapper.cfbundle; includeInIndex = 0; path = video_playerUITests.xctest; sourceTree = BUILT_PRODUCTS_DIR; };
		09045B3B29563BE4005DA0B7 /* video_playerUITests.swift */ = {isa = PBXFileReference; lastKnownFileType = sourcecode.swift; path = video_playerUITests.swift; sourceTree = "<group>"; };
		09045B3D29563BE4005DA0B7 /* video_playerUITestsLaunchTests.swift */ = {isa = PBXFileReference; lastKnownFileType = sourcecode.swift; path = video_playerUITestsLaunchTests.swift; sourceTree = "<group>"; };
		09045B4A29563C31005DA0B7 /* test.mp4 */ = {isa = PBXFileReference; lastKnownFileType = file; path = test.mp4; sourceTree = "<group>"; };
/* End PBXFileReference section */

/* Begin PBXFrameworksBuildPhase section */
		09045B1429563BE3005DA0B7 /* Frameworks */ = {
			isa = PBXFrameworksBuildPhase;
			buildActionMask = 2147483647;
			files = (
			);
			runOnlyForDeploymentPostprocessing = 0;
		};
		09045B2A29563BE4005DA0B7 /* Frameworks */ = {
			isa = PBXFrameworksBuildPhase;
			buildActionMask = 2147483647;
			files = (
			);
			runOnlyForDeploymentPostprocessing = 0;
		};
		09045B3429563BE4005DA0B7 /* Frameworks */ = {
			isa = PBXFrameworksBuildPhase;
			buildActionMask = 2147483647;
			files = (
			);
			runOnlyForDeploymentPostprocessing = 0;
		};
/* End PBXFrameworksBuildPhase section */

/* Begin PBXGroup section */
		09045B0E29563BE3005DA0B7 = {
			isa = PBXGroup;
			children = (
				09045B1929563BE3005DA0B7 /* video_player */,
				09045B3029563BE4005DA0B7 /* video_playerTests */,
				09045B3A29563BE4005DA0B7 /* video_playerUITests */,
				09045B1829563BE3005DA0B7 /* Products */,
			);
			sourceTree = "<group>";
		};
		09045B1829563BE3005DA0B7 /* Products */ = {
			isa = PBXGroup;
			children = (
				09045B1729563BE3005DA0B7 /* video_player.app */,
				09045B2D29563BE4005DA0B7 /* video_playerTests.xctest */,
				09045B3729563BE4005DA0B7 /* video_playerUITests.xctest */,
			);
			name = Products;
			sourceTree = "<group>";
		};
		09045B1929563BE3005DA0B7 /* video_player */ = {
			isa = PBXGroup;
			children = (
				09045B1A29563BE3005DA0B7 /* AppDelegate.swift */,
				09045B1C29563BE3005DA0B7 /* SceneDelegate.swift */,
				09045B1E29563BE3005DA0B7 /* ViewController.swift */,
				09045B2029563BE3005DA0B7 /* Main.storyboard */,
				09045B2329563BE4005DA0B7 /* Assets.xcassets */,
				09045B4A29563C31005DA0B7 /* test.mp4 */,
				09045B2529563BE4005DA0B7 /* LaunchScreen.storyboard */,
				09045B2829563BE4005DA0B7 /* Info.plist */,
			);
			path = video_player;
			sourceTree = "<group>";
		};
		09045B3029563BE4005DA0B7 /* video_playerTests */ = {
			isa = PBXGroup;
			children = (
				09045B3129563BE4005DA0B7 /* video_playerTests.swift */,
			);
			path = video_playerTests;
			sourceTree = "<group>";
		};
		09045B3A29563BE4005DA0B7 /* video_playerUITests */ = {
			isa = PBXGroup;
			children = (
				09045B3B29563BE4005DA0B7 /* video_playerUITests.swift */,
				09045B3D29563BE4005DA0B7 /* video_playerUITestsLaunchTests.swift */,
			);
			path = video_playerUITests;
			sourceTree = "<group>";
		};
/* End PBXGroup section */

/* Begin PBXNativeTarget section */
		09045B1629563BE3005DA0B7 /* video_player */ = {
			isa = PBXNativeTarget;
			buildConfigurationList = 09045B4129563BE4005DA0B7 /* Build configuration list for PBXNativeTarget "video_player" */;
			buildPhases = (
				09045B1329563BE3005DA0B7 /* Sources */,
				09045B1429563BE3005DA0B7 /* Frameworks */,
				09045B1529563BE3005DA0B7 /* Resources */,
			);
			buildRules = (
			);
			dependencies = (
			);
			name = video_player;
			productName = video_player;
			productReference = 09045B1729563BE3005DA0B7 /* video_player.app */;
			productType = "com.apple.product-type.application";
		};
		09045B2C29563BE4005DA0B7 /* video_playerTests */ = {
			isa = PBXNativeTarget;
			buildConfigurationList = 09045B4429563BE4005DA0B7 /* Build configuration list for PBXNativeTarget "video_playerTests" */;
			buildPhases = (
				09045B2929563BE4005DA0B7 /* Sources */,
				09045B2A29563BE4005DA0B7 /* Frameworks */,
				09045B2B29563BE4005DA0B7 /* Resources */,
			);
			buildRules = (
			);
			dependencies = (
				09045B2F29563BE4005DA0B7 /* PBXTargetDependency */,
			);
			name = video_playerTests;
			productName = video_playerTests;
			productReference = 09045B2D29563BE4005DA0B7 /* video_playerTests.xctest */;
			productType = "com.apple.product-type.bundle.unit-test";
		};
		09045B3629563BE4005DA0B7 /* video_playerUITests */ = {
			isa = PBXNativeTarget;
			buildConfigurationList = 09045B4729563BE4005DA0B7 /* Build configuration list for PBXNativeTarget "video_playerUITests" */;
			buildPhases = (
				09045B3329563BE4005DA0B7 /* Sources */,
				09045B3429563BE4005DA0B7 /* Frameworks */,
				09045B3529563BE4005DA0B7 /* Resources */,
			);
			buildRules = (
			);
			dependencies = (
				09045B3929563BE4005DA0B7 /* PBXTargetDependency */,
			);
			name = video_playerUITests;
			productName = video_playerUITests;
			productReference = 09045B3729563BE4005DA0B7 /* video_playerUITests.xctest */;
			productType = "com.apple.product-type.bundle.ui-testing";
		};
/* End PBXNativeTarget section */

/* Begin PBXProject section */
		09045B0F29563BE3005DA0B7 /* Project object */ = {
			isa = PBXProject;
			attributes = {
				BuildIndependentTargetsInParallel = 1;
				LastSwiftUpdateCheck = 1420;
				LastUpgradeCheck = 1420;
				TargetAttributes = {
					09045B1629563BE3005DA0B7 = {
						CreatedOnToolsVersion = 14.2;
					};
					09045B2C29563BE4005DA0B7 = {
						CreatedOnToolsVersion = 14.2;
						TestTargetID = 09045B1629563BE3005DA0B7;
					};
					09045B3629563BE4005DA0B7 = {
						CreatedOnToolsVersion = 14.2;
						TestTargetID = 09045B1629563BE3005DA0B7;
					};
				};
			};
			buildConfigurationList = 09045B1229563BE3005DA0B7 /* Build configuration list for PBXProject "video_player" */;
			compatibilityVersion = "Xcode 14.0";
			developmentRegion = en;
			hasScannedForEncodings = 0;
			knownRegions = (
				en,
				Base,
			);
			mainGroup = 09045B0E29563BE3005DA0B7;
			productRefGroup = 09045B1829563BE3005DA0B7 /* Products */;
			projectDirPath = "";
			projectRoot = "";
			targets = (
				09045B1629563BE3005DA0B7 /* video_player */,
				09045B2C29563BE4005DA0B7 /* video_playerTests */,
				09045B3629563BE4005DA0B7 /* video_playerUITests */,
			);
		};
/* End PBXProject section */

/* Begin PBXResourcesBuildPhase section */
		09045B1529563BE3005DA0B7 /* Resources */ = {
			isa = PBXResourcesBuildPhase;
			buildActionMask = 2147483647;
			files = (
				09045B2729563BE4005DA0B7 /* LaunchScreen.storyboard in Resources */,
				09045B2429563BE4005DA0B7 /* Assets.xcassets in Resources */,
				09045B2229563BE3005DA0B7 /* Main.storyboard in Resources */,
				09045B4B29563C31005DA0B7 /* test.mp4 in Resources */,
			);
			runOnlyForDeploymentPostprocessing = 0;
		};
		09045B2B29563BE4005DA0B7 /* Resources */ = {
			isa = PBXResourcesBuildPhase;
			buildActionMask = 2147483647;
			files = (
			);
			runOnlyForDeploymentPostprocessing = 0;
		};
		09045B3529563BE4005DA0B7 /* Resources */ = {
			isa = PBXResourcesBuildPhase;
			buildActionMask = 2147483647;
			files = (
			);
			runOnlyForDeploymentPostprocessing = 0;
		};
/* End PBXResourcesBuildPhase section */

/* Begin PBXSourcesBuildPhase section */
		09045B1329563BE3005DA0B7 /* Sources */ = {
			isa = PBXSourcesBuildPhase;
			buildActionMask = 2147483647;
			files = (
				09045B1F29563BE3005DA0B7 /* ViewController.swift in Sources */,
				09045B1B29563BE3005DA0B7 /* AppDelegate.swift in Sources */,
				09045B1D29563BE3005DA0B7 /* SceneDelegate.swift in Sources */,
			);
			runOnlyForDeploymentPostprocessing = 0;
		};
		09045B2929563BE4005DA0B7 /* Sources */ = {
			isa = PBXSourcesBuildPhase;
			buildActionMask = 2147483647;
			files = (
				09045B3229563BE4005DA0B7 /* video_playerTests.swift in Sources */,
			);
			runOnlyForDeploymentPostprocessing = 0;
		};
		09045B3329563BE4005DA0B7 /* Sources */ = {
			isa = PBXSourcesBuildPhase;
			buildActionMask = 2147483647;
			files = (
				09045B3C29563BE4005DA0B7 /* video_playerUITests.swift in Sources */,
				09045B3E29563BE4005DA0B7 /* video_playerUITestsLaunchTests.swift in Sources */,
			);
			runOnlyForDeploymentPostprocessing = 0;
		};
/* End PBXSourcesBuildPhase section */

/* Begin PBXTargetDependency section */
		09045B2F29563BE4005DA0B7 /* PBXTargetDependency */ = {
			isa = PBXTargetDependency;
			target = 09045B1629563BE3005DA0B7 /* video_player */;
			targetProxy = 09045B2E29563BE4005DA0B7 /* PBXContainerItemProxy */;
		};
		09045B3929563BE4005DA0B7 /* PBXTargetDependency */ = {
			isa = PBXTargetDependency;
			target = 09045B1629563BE3005DA0B7 /* video_player */;
			targetProxy = 09045B3829563BE4005DA0B7 /* PBXContainerItemProxy */;
		};
/* End PBXTargetDependency section */

/* Begin PBXVariantGroup section */
		09045B2029563BE3005DA0B7 /* Main.storyboard */ = {
			isa = PBXVariantGroup;
			children = (
				09045B2129563BE3005DA0B7 /* Base */,
			);
			name = Main.storyboard;
			sourceTree = "<group>";
		};
		09045B2529563BE4005DA0B7 /* LaunchScreen.storyboard */ = {
			isa = PBXVariantGroup;
			children = (
				09045B2629563BE4005DA0B7 /* Base */,
			);
			name = LaunchScreen.storyboard;
			sourceTree = "<group>";
		};
/* End PBXVariantGroup section */

/* Begin XCBuildConfiguration section */
		09045B3F29563BE4005DA0B7 /* Debug */ = {
			isa = XCBuildConfiguration;
			buildSettings = {
				ALWAYS_SEARCH_USER_PATHS = NO;
				CLANG_ANALYZER_NONNULL = YES;
				CLANG_ANALYZER_NUMBER_OBJECT_CONVERSION = YES_AGGRESSIVE;
				CLANG_CXX_LANGUAGE_STANDARD = "gnu++20";
				CLANG_ENABLE_MODULES = YES;
				CLANG_ENABLE_OBJC_ARC = YES;
				CLANG_ENABLE_OBJC_WEAK = YES;
				CLANG_WARN_BLOCK_CAPTURE_AUTORELEASING = YES;
				CLANG_WARN_BOOL_CONVERSION = YES;
				CLANG_WARN_COMMA = YES;
				CLANG_WARN_CONSTANT_CONVERSION = YES;
				CLANG_WARN_DEPRECATED_OBJC_IMPLEMENTATIONS = YES;
				CLANG_WARN_DIRECT_OBJC_ISA_USAGE = YES_ERROR;
				CLANG_WARN_DOCUMENTATION_COMMENTS = YES;
				CLANG_WARN_EMPTY_BODY = YES;
				CLANG_WARN_ENUM_CONVERSION = YES;
				CLANG_WARN_INFINITE_RECURSION = YES;
				CLANG_WARN_INT_CONVERSION = YES;
				CLANG_WARN_NON_LITERAL_NULL_CONVERSION = YES;
				CLANG_WARN_OBJC_IMPLICIT_RETAIN_SELF = YES;
				CLANG_WARN_OBJC_LITERAL_CONVERSION = YES;
				CLANG_WARN_OBJC_ROOT_CLASS = YES_ERROR;
				CLANG_WARN_QUOTED_INCLUDE_IN_FRAMEWORK_HEADER = YES;
				CLANG_WARN_RANGE_LOOP_ANALYSIS = YES;
				CLANG_WARN_STRICT_PROTOTYPES = YES;
				CLANG_WARN_SUSPICIOUS_MOVE = YES;
				CLANG_WARN_UNGUARDED_AVAILABILITY = YES_AGGRESSIVE;
				CLANG_WARN_UNREACHABLE_CODE = YES;
				CLANG_WARN__DUPLICATE_METHOD_MATCH = YES;
				COPY_PHASE_STRIP = NO;
				DEBUG_INFORMATION_FORMAT = dwarf;
				ENABLE_STRICT_OBJC_MSGSEND = YES;
				ENABLE_TESTABILITY = YES;
				GCC_C_LANGUAGE_STANDARD = gnu11;
				GCC_DYNAMIC_NO_PIC = NO;
				GCC_NO_COMMON_BLOCKS = YES;
				GCC_OPTIMIZATION_LEVEL = 0;
				GCC_PREPROCESSOR_DEFINITIONS = (
					"DEBUG=1",
					"$(inherited)",
				);
				GCC_WARN_64_TO_32_BIT_CONVERSION = YES;
				GCC_WARN_ABOUT_RETURN_TYPE = YES_ERROR;
				GCC_WARN_UNDECLARED_SELECTOR = YES;
				GCC_WARN_UNINITIALIZED_AUTOS = YES_AGGRESSIVE;
				GCC_WARN_UNUSED_FUNCTION = YES;
				GCC_WARN_UNUSED_VARIABLE = YES;
				IPHONEOS_DEPLOYMENT_TARGET = 16.2;
				MTL_ENABLE_DEBUG_INFO = INCLUDE_SOURCE;
				MTL_FAST_MATH = YES;
				ONLY_ACTIVE_ARCH = YES;
				SDKROOT = iphoneos;
				SWIFT_ACTIVE_COMPILATION_CONDITIONS = DEBUG;
				SWIFT_OPTIMIZATION_LEVEL = "-Onone";
			};
			name = Debug;
		};
		09045B4029563BE4005DA0B7 /* Release */ = {
			isa = XCBuildConfiguration;
			buildSettings = {
				ALWAYS_SEARCH_USER_PATHS = NO;
				CLANG_ANALYZER_NONNULL = YES;
				CLANG_ANALYZER_NUMBER_OBJECT_CONVERSION = YES_AGGRESSIVE;
				CLANG_CXX_LANGUAGE_STANDARD = "gnu++20";
				CLANG_ENABLE_MODULES = YES;
				CLANG_ENABLE_OBJC_ARC = YES;
				CLANG_ENABLE_OBJC_WEAK = YES;
				CLANG_WARN_BLOCK_CAPTURE_AUTORELEASING = YES;
				CLANG_WARN_BOOL_CONVERSION = YES;
				CLANG_WARN_COMMA = YES;
				CLANG_WARN_CONSTANT_CONVERSION = YES;
				CLANG_WARN_DEPRECATED_OBJC_IMPLEMENTATIONS = YES;
				CLANG_WARN_DIRECT_OBJC_ISA_USAGE = YES_ERROR;
				CLANG_WARN_DOCUMENTATION_COMMENTS = YES;
				CLANG_WARN_EMPTY_BODY = YES;
				CLANG_WARN_ENUM_CONVERSION = YES;
				CLANG_WARN_INFINITE_RECURSION = YES;
				CLANG_WARN_INT_CONVERSION = YES;
				CLANG_WARN_NON_LITERAL_NULL_CONVERSION = YES;
				CLANG_WARN_OBJC_IMPLICIT_RETAIN_SELF = YES;
				CLANG_WARN_OBJC_LITERAL_CONVERSION = YES;
				CLANG_WARN_OBJC_ROOT_CLASS = YES_ERROR;
				CLANG_WARN_QUOTED_INCLUDE_IN_FRAMEWORK_HEADER = YES;
				CLANG_WARN_RANGE_LOOP_ANALYSIS = YES;
				CLANG_WARN_STRICT_PROTOTYPES = YES;
				CLANG_WARN_SUSPICIOUS_MOVE = YES;
				CLANG_WARN_UNGUARDED_AVAILABILITY = YES_AGGRESSIVE;
				CLANG_WARN_UNREACHABLE_CODE = YES;
				CLANG_WARN__DUPLICATE_METHOD_MATCH = YES;
				COPY_PHASE_STRIP = NO;
				DEBUG_INFORMATION_FORMAT = "dwarf-with-dsym";
				ENABLE_NS_ASSERTIONS = NO;
				ENABLE_STRICT_OBJC_MSGSEND = YES;
				GCC_C_LANGUAGE_STANDARD = gnu11;
				GCC_NO_COMMON_BLOCKS = YES;
				GCC_WARN_64_TO_32_BIT_CONVERSION = YES;
				GCC_WARN_ABOUT_RETURN_TYPE = YES_ERROR;
				GCC_WARN_UNDECLARED_SELECTOR = YES;
				GCC_WARN_UNINITIALIZED_AUTOS = YES_AGGRESSIVE;
				GCC_WARN_UNUSED_FUNCTION = YES;
				GCC_WARN_UNUSED_VARIABLE = YES;
				IPHONEOS_DEPLOYMENT_TARGET = 16.2;
				MTL_ENABLE_DEBUG_INFO = NO;
				MTL_FAST_MATH = YES;
				SDKROOT = iphoneos;
				SWIFT_COMPILATION_MODE = wholemodule;
				SWIFT_OPTIMIZATION_LEVEL = "-O";
				VALIDATE_PRODUCT = YES;
			};
			name = Release;
		};
		09045B4229563BE4005DA0B7 /* Debug */ = {
			isa = XCBuildConfiguration;
			buildSettings = {
				ASSETCATALOG_COMPILER_APPICON_NAME = AppIcon;
				ASSETCATALOG_COMPILER_GLOBAL_ACCENT_COLOR_NAME = AccentColor;
				CODE_SIGN_STYLE = Automatic;
				CURRENT_PROJECT_VERSION = 1;
				GENERATE_INFOPLIST_FILE = YES;
				INFOPLIST_FILE = video_player/Info.plist;
				INFOPLIST_KEY_UIApplicationSupportsIndirectInputEvents = YES;
				INFOPLIST_KEY_UILaunchStoryboardName = LaunchScreen;
				INFOPLIST_KEY_UIMainStoryboardFile = Main;
				INFOPLIST_KEY_UISupportedInterfaceOrientations_iPad = "UIInterfaceOrientationPortrait UIInterfaceOrientationPortraitUpsideDown UIInterfaceOrientationLandscapeLeft UIInterfaceOrientationLandscapeRight";
				INFOPLIST_KEY_UISupportedInterfaceOrientations_iPhone = "UIInterfaceOrientationPortrait UIInterfaceOrientationLandscapeLeft UIInterfaceOrientationLandscapeRight";
				LD_RUNPATH_SEARCH_PATHS = (
					"$(inherited)",
					"@executable_path/Frameworks",
				);
				MARKETING_VERSION = 1.0;
				PRODUCT_BUNDLE_IDENTIFIER = "conan.video-player";
				PRODUCT_NAME = "$(TARGET_NAME)";
				SWIFT_EMIT_LOC_STRINGS = YES;
				SWIFT_VERSION = 5.0;
				TARGETED_DEVICE_FAMILY = "1,2";
			};
			name = Debug;
		};
		09045B4329563BE4005DA0B7 /* Release */ = {
			isa = XCBuildConfiguration;
			buildSettings = {
				ASSETCATALOG_COMPILER_APPICON_NAME = AppIcon;
				ASSETCATALOG_COMPILER_GLOBAL_ACCENT_COLOR_NAME = AccentColor;
				CODE_SIGN_STYLE = Automatic;
				CURRENT_PROJECT_VERSION = 1;
				GENERATE_INFOPLIST_FILE = YES;
				INFOPLIST_FILE = video_player/Info.plist;
				INFOPLIST_KEY_UIApplicationSupportsIndirectInputEvents = YES;
				INFOPLIST_KEY_UILaunchStoryboardName = LaunchScreen;
				INFOPLIST_KEY_UIMainStoryboardFile = Main;
				INFOPLIST_KEY_UISupportedInterfaceOrientations_iPad = "UIInterfaceOrientationPortrait UIInterfaceOrientationPortraitUpsideDown UIInterfaceOrientationLandscapeLeft UIInterfaceOrientationLandscapeRight";
				INFOPLIST_KEY_UISupportedInterfaceOrientations_iPhone = "UIInterfaceOrientationPortrait UIInterfaceOrientationLandscapeLeft UIInterfaceOrientationLandscapeRight";
				LD_RUNPATH_SEARCH_PATHS = (
					"$(inherited)",
					"@executable_path/Frameworks",
				);
				MARKETING_VERSION = 1.0;
				PRODUCT_BUNDLE_IDENTIFIER = "conan.video-player";
				PRODUCT_NAME = "$(TARGET_NAME)";
				SWIFT_EMIT_LOC_STRINGS = YES;
				SWIFT_VERSION = 5.0;
				TARGETED_DEVICE_FAMILY = "1,2";
			};
			name = Release;
		};
		09045B4529563BE4005DA0B7 /* Debug */ = {
			isa = XCBuildConfiguration;
			buildSettings = {
				ALWAYS_EMBED_SWIFT_STANDARD_LIBRARIES = YES;
				BUNDLE_LOADER = "$(TEST_HOST)";
				CODE_SIGN_STYLE = Automatic;
				CURRENT_PROJECT_VERSION = 1;
				GENERATE_INFOPLIST_FILE = YES;
				IPHONEOS_DEPLOYMENT_TARGET = 16.2;
				MARKETING_VERSION = 1.0;
				PRODUCT_BUNDLE_IDENTIFIER = "conan.video-playerTests";
				PRODUCT_NAME = "$(TARGET_NAME)";
				SWIFT_EMIT_LOC_STRINGS = NO;
				SWIFT_VERSION = 5.0;
				TARGETED_DEVICE_FAMILY = "1,2";
				TEST_HOST = "$(BUILT_PRODUCTS_DIR)/video_player.app/$(BUNDLE_EXECUTABLE_FOLDER_PATH)/video_player";
			};
			name = Debug;
		};
		09045B4629563BE4005DA0B7 /* Release */ = {
			isa = XCBuildConfiguration;
			buildSettings = {
				ALWAYS_EMBED_SWIFT_STANDARD_LIBRARIES = YES;
				BUNDLE_LOADER = "$(TEST_HOST)";
				CODE_SIGN_STYLE = Automatic;
				CURRENT_PROJECT_VERSION = 1;
				GENERATE_INFOPLIST_FILE = YES;
				IPHONEOS_DEPLOYMENT_TARGET = 16.2;
				MARKETING_VERSION = 1.0;
				PRODUCT_BUNDLE_IDENTIFIER = "conan.video-playerTests";
				PRODUCT_NAME = "$(TARGET_NAME)";
				SWIFT_EMIT_LOC_STRINGS = NO;
				SWIFT_VERSION = 5.0;
				TARGETED_DEVICE_FAMILY = "1,2";
				TEST_HOST = "$(BUILT_PRODUCTS_DIR)/video_player.app/$(BUNDLE_EXECUTABLE_FOLDER_PATH)/video_player";
			};
			name = Release;
		};
		09045B4829563BE4005DA0B7 /* Debug */ = {
			isa = XCBuildConfiguration;
			buildSettings = {
				ALWAYS_EMBED_SWIFT_STANDARD_LIBRARIES = YES;
				CODE_SIGN_STYLE = Automatic;
				CURRENT_PROJECT_VERSION = 1;
				GENERATE_INFOPLIST_FILE = YES;
				MARKETING_VERSION = 1.0;
				PRODUCT_BUNDLE_IDENTIFIER = "conan.video-playerUITests";
				PRODUCT_NAME = "$(TARGET_NAME)";
				SWIFT_EMIT_LOC_STRINGS = NO;
				SWIFT_VERSION = 5.0;
				TARGETED_DEVICE_FAMILY = "1,2";
				TEST_TARGET_NAME = video_player;
			};
			name = Debug;
		};
		09045B4929563BE4005DA0B7 /* Release */ = {
			isa = XCBuildConfiguration;
			buildSettings = {
				ALWAYS_EMBED_SWIFT_STANDARD_LIBRARIES = YES;
				CODE_SIGN_STYLE = Automatic;
				CURRENT_PROJECT_VERSION = 1;
				GENERATE_INFOPLIST_FILE = YES;
				MARKETING_VERSION = 1.0;
				PRODUCT_BUNDLE_IDENTIFIER = "conan.video-playerUITests";
				PRODUCT_NAME = "$(TARGET_NAME)";
				SWIFT_EMIT_LOC_STRINGS = NO;
				SWIFT_VERSION = 5.0;
				TARGETED_DEVICE_FAMILY = "1,2";
				TEST_TARGET_NAME = video_player;
			};
			name = Release;
		};
/* End XCBuildConfiguration section */

/* Begin XCConfigurationList section */
		09045B1229563BE3005DA0B7 /* Build configuration list for PBXProject "video_player" */ = {
			isa = XCConfigurationList;
			buildConfigurations = (
				09045B3F29563BE4005DA0B7 /* Debug */,
				09045B4029563BE4005DA0B7 /* Release */,
			);
			defaultConfigurationIsVisible = 0;
			defaultConfigurationName = Release;
		};
		09045B4129563BE4005DA0B7 /* Build configuration list for PBXNativeTarget "video_player" */ = {
			isa = XCConfigurationList;
			buildConfigurations = (
				09045B4229563BE4005DA0B7 /* Debug */,
				09045B4329563BE4005DA0B7 /* Release */,
			);
			defaultConfigurationIsVisible = 0;
			defaultConfigurationName = Release;
		};
		09045B4429563BE4005DA0B7 /* Build configuration list for PBXNativeTarget "video_playerTests" */ = {
			isa = XCConfigurationList;
			buildConfigurations = (
				09045B4529563BE4005DA0B7 /* Debug */,
				09045B4629563BE4005DA0B7 /* Release */,
			);
			defaultConfigurationIsVisible = 0;
			defaultConfigurationName = Release;
		};
		09045B4729563BE4005DA0B7 /* Build configuration list for PBXNativeTarget "video_playerUITests" */ = {
			isa = XCConfigurationList;
			buildConfigurations = (
				09045B4829563BE4005DA0B7 /* Debug */,
				09045B4929563BE4005DA0B7 /* Release */,
			);
			defaultConfigurationIsVisible = 0;
			defaultConfigurationName = Release;
		};
/* End XCConfigurationList section */
	};
	rootObject = 09045B0F29563BE3005DA0B7 /* Project object */;
}
